Microsoft Visual Studio Solution File, Format Version 12.00
# Visual Studio 15
VisualStudioVersion = 15.0.27130.2010
MinimumVisualStudioVersion = 10.0.40219.1
Project("{FAE04EC0-301F-11D3-BF4B-00C04F79EFBC}") = "newtelligence.DasBlog.Web", "newtelligence.DasBlog.Web\newtelligence.DasBlog.Web.csproj", "{F33CF374-8610-434F-B4FB-915AE7CD17DA}"
EndProject
Project("{FAE04EC0-301F-11D3-BF4B-00C04F79EFBC}") = "newtelligence.DasBlog.Runtime", "newtelligence.DasBlog.Runtime\newtelligence.DasBlog.Runtime.csproj", "{2B6D1F60-C5D8-4CB9-89D6-A4AF42275852}"
EndProject
Project("{FAE04EC0-301F-11D3-BF4B-00C04F79EFBC}") = "Lesnikowski.Pawel.Mail.Pop3", "Lesnikowski.Pawel.Mail.Pop3\Lesnikowski.Pawel.Mail.Pop3.csproj", "{0FED5636-EE32-402E-A6C6-F238916F6DD3}"
EndProject
Project("{FAE04EC0-301F-11D3-BF4B-00C04F79EFBC}") = "newtelligence.DasBlog.Web.Core", "newtelligence.DasBlog.Web.Core\newtelligence.DasBlog.Web.Core.csproj", "{38B69883-A9FB-498E-9CC7-95AB89DD7DC4}"
EndProject
Project("{FAE04EC0-301F-11D3-BF4B-00C04F79EFBC}") = "newtelligence.DasBlog.Web.Services", "newtelligence.DasBlog.Web.Services\newtelligence.DasBlog.Web.Services.csproj", "{7A9A0C81-84AE-4C6F-9489-528B5B97F426}"
EndProject
Project("{FAE04EC0-301F-11D3-BF4B-00C04F79EFBC}") = "newtelligence.DasBlog.Util", "newtelligence.DasBlog.Util\newtelligence.DasBlog.Util.csproj", "{15C1672E-92A2-4FAF-977A-D7EBC008EC42}"
EndProject
Project("{FAE04EC0-301F-11D3-BF4B-00C04F79EFBC}") = "newtelligence.DasBlog.Runtime.Proxies", "newtelligence.DasBlog.Runtime.Proxies\newtelligence.DasBlog.Runtime.Proxies.csproj", "{9BAD4DCD-3C05-4716-A406-8B561EF0633F}"
EndProject
Project("{FAE04EC0-301F-11D3-BF4B-00C04F79EFBC}") = "newtelligence.DasBlog.Runtime.Test", "newtelligence.DasBlog.Runtime\Test\newtelligence.DasBlog.Runtime.Test.csproj", "{48BC208B-59CE-4BE2-BA3A-72AEE7F205CB}"
EndProject
Project("{FAE04EC0-301F-11D3-BF4B-00C04F79EFBC}") = "newtelligence.DasBlog.Util.Test", "newtelligence.DasBlog.Util\Test\newtelligence.DasBlog.Util.Test.csproj", "{5139B077-EC05-4F6D-BA08-27991B4E7185}"
EndProject
Project("{FAE04EC0-301F-11D3-BF4B-00C04F79EFBC}") = "Subtext.Akismet", "Subtext.Akismet\Subtext.Akismet.csproj", "{4DC29536-2515-4B8D-AEB6-EC397B950881}"
EndProject
Project("{F184B08F-C81C-45F6-A57F-5ABD9991F28F}") = "WebControlCaptcha", "WebControlCaptcha\WebControlCaptcha.vbproj", "{FF7F1D68-352E-4FEA-A7B4-EB6C25140316}"
EndProject
Project("{9A19103F-16F7-4668-BE54-9A1E7A4F7556}") = "DasBlog.Web.UI", "DasBlog.Web.UI\DasBlog.Web.UI.csproj", "{37817A48-6954-4DAF-A931-C540C5687579}"
EndProject
Project("{9A19103F-16F7-4668-BE54-9A1E7A4F7556}") = "DasBlog.Web.Repositories", "DasBlog.Web.Repositories\DasBlog.Web.Repositories.csproj", "{1B1D9871-A342-4F37-A2F2-D212A6445611}"
EndProject
Project("{9A19103F-16F7-4668-BE54-9A1E7A4F7556}") = "DasBlog.Web.Core", "DasBlog.Web.Core\DasBlog.Web.Core.csproj", "{F0DF11A5-78FC-4A74-8BF5-0CA619BAE3E9}"
EndProject
Project("{9A19103F-16F7-4668-BE54-9A1E7A4F7556}") = "DasBlog.Tests", "DasBlog.Tests\DasBlog.Tests.csproj", "{C439145F-28BF-4451-98CD-7FC404681426}"
EndProject
Project("{2150E333-8FDC-42A3-9474-1A3956D46DE8}") = "Solution Items", "Solution Items", "{800E3AC8-FF13-43CE-8C09-6F4A2867D445}"
	ProjectSection(SolutionItems) = preProject
		.editorconfig = .editorconfig
	EndProjectSection
EndProject
Global
	GlobalSection(SolutionConfigurationPlatforms) = preSolution
		Debug - All|Any CPU = Debug - All|Any CPU
		Debug|Any CPU = Debug|Any CPU
		Release|Any CPU = Release|Any CPU
	EndGlobalSection
	GlobalSection(ProjectConfigurationPlatforms) = postSolution
		{F33CF374-8610-434F-B4FB-915AE7CD17DA}.Debug - All|Any CPU.ActiveCfg = Debug|Any CPU
		{F33CF374-8610-434F-B4FB-915AE7CD17DA}.Debug - All|Any CPU.Build.0 = Debug|Any CPU
		{F33CF374-8610-434F-B4FB-915AE7CD17DA}.Debug|Any CPU.ActiveCfg = Debug|Any CPU
		{F33CF374-8610-434F-B4FB-915AE7CD17DA}.Debug|Any CPU.Build.0 = Debug|Any CPU
		{F33CF374-8610-434F-B4FB-915AE7CD17DA}.Release|Any CPU.ActiveCfg = Release|Any CPU
		{F33CF374-8610-434F-B4FB-915AE7CD17DA}.Release|Any CPU.Build.0 = Release|Any CPU
		{2B6D1F60-C5D8-4CB9-89D6-A4AF42275852}.Debug - All|Any CPU.ActiveCfg = Debug|Any CPU
		{2B6D1F60-C5D8-4CB9-89D6-A4AF42275852}.Debug - All|Any CPU.Build.0 = Debug|Any CPU
		{2B6D1F60-C5D8-4CB9-89D6-A4AF42275852}.Debug|Any CPU.ActiveCfg = Debug|Any CPU
		{2B6D1F60-C5D8-4CB9-89D6-A4AF42275852}.Debug|Any CPU.Build.0 = Debug|Any CPU
		{2B6D1F60-C5D8-4CB9-89D6-A4AF42275852}.Release|Any CPU.ActiveCfg = Release|Any CPU
		{2B6D1F60-C5D8-4CB9-89D6-A4AF42275852}.Release|Any CPU.Build.0 = Release|Any CPU
		{0FED5636-EE32-402E-A6C6-F238916F6DD3}.Debug - All|Any CPU.ActiveCfg = Debug|Any CPU
		{0FED5636-EE32-402E-A6C6-F238916F6DD3}.Debug - All|Any CPU.Build.0 = Debug|Any CPU
		{0FED5636-EE32-402E-A6C6-F238916F6DD3}.Debug|Any CPU.ActiveCfg = Debug|Any CPU
		{0FED5636-EE32-402E-A6C6-F238916F6DD3}.Debug|Any CPU.Build.0 = Debug|Any CPU
		{0FED5636-EE32-402E-A6C6-F238916F6DD3}.Release|Any CPU.ActiveCfg = Release|Any CPU
		{0FED5636-EE32-402E-A6C6-F238916F6DD3}.Release|Any CPU.Build.0 = Release|Any CPU
		{38B69883-A9FB-498E-9CC7-95AB89DD7DC4}.Debug - All|Any CPU.ActiveCfg = Debug|Any CPU
		{38B69883-A9FB-498E-9CC7-95AB89DD7DC4}.Debug - All|Any CPU.Build.0 = Debug|Any CPU
		{38B69883-A9FB-498E-9CC7-95AB89DD7DC4}.Debug|Any CPU.ActiveCfg = Debug|Any CPU
		{38B69883-A9FB-498E-9CC7-95AB89DD7DC4}.Debug|Any CPU.Build.0 = Debug|Any CPU
		{38B69883-A9FB-498E-9CC7-95AB89DD7DC4}.Release|Any CPU.ActiveCfg = Release|Any CPU
		{38B69883-A9FB-498E-9CC7-95AB89DD7DC4}.Release|Any CPU.Build.0 = Release|Any CPU
		{7A9A0C81-84AE-4C6F-9489-528B5B97F426}.Debug - All|Any CPU.ActiveCfg = Debug|Any CPU
		{7A9A0C81-84AE-4C6F-9489-528B5B97F426}.Debug - All|Any CPU.Build.0 = Debug|Any CPU
		{7A9A0C81-84AE-4C6F-9489-528B5B97F426}.Debug|Any CPU.ActiveCfg = Debug|Any CPU
		{7A9A0C81-84AE-4C6F-9489-528B5B97F426}.Debug|Any CPU.Build.0 = Debug|Any CPU
		{7A9A0C81-84AE-4C6F-9489-528B5B97F426}.Release|Any CPU.ActiveCfg = Release|Any CPU
		{7A9A0C81-84AE-4C6F-9489-528B5B97F426}.Release|Any CPU.Build.0 = Release|Any CPU
		{15C1672E-92A2-4FAF-977A-D7EBC008EC42}.Debug - All|Any CPU.ActiveCfg = Debug|Any CPU
		{15C1672E-92A2-4FAF-977A-D7EBC008EC42}.Debug - All|Any CPU.Build.0 = Debug|Any CPU
		{15C1672E-92A2-4FAF-977A-D7EBC008EC42}.Debug|Any CPU.ActiveCfg = Debug|Any CPU
		{15C1672E-92A2-4FAF-977A-D7EBC008EC42}.Debug|Any CPU.Build.0 = Debug|Any CPU
		{15C1672E-92A2-4FAF-977A-D7EBC008EC42}.Release|Any CPU.ActiveCfg = Release|Any CPU
		{15C1672E-92A2-4FAF-977A-D7EBC008EC42}.Release|Any CPU.Build.0 = Release|Any CPU
		{9BAD4DCD-3C05-4716-A406-8B561EF0633F}.Debug - All|Any CPU.ActiveCfg = Debug|Any CPU
		{9BAD4DCD-3C05-4716-A406-8B561EF0633F}.Debug - All|Any CPU.Build.0 = Debug|Any CPU
		{9BAD4DCD-3C05-4716-A406-8B561EF0633F}.Debug|Any CPU.ActiveCfg = Debug|Any CPU
		{9BAD4DCD-3C05-4716-A406-8B561EF0633F}.Debug|Any CPU.Build.0 = Debug|Any CPU
		{9BAD4DCD-3C05-4716-A406-8B561EF0633F}.Release|Any CPU.ActiveCfg = Release|Any CPU
		{9BAD4DCD-3C05-4716-A406-8B561EF0633F}.Release|Any CPU.Build.0 = Release|Any CPU
		{48BC208B-59CE-4BE2-BA3A-72AEE7F205CB}.Debug - All|Any CPU.ActiveCfg = Debug|Any CPU
		{48BC208B-59CE-4BE2-BA3A-72AEE7F205CB}.Debug - All|Any CPU.Build.0 = Debug|Any CPU
		{48BC208B-59CE-4BE2-BA3A-72AEE7F205CB}.Debug|Any CPU.ActiveCfg = Debug|Any CPU
		{48BC208B-59CE-4BE2-BA3A-72AEE7F205CB}.Debug|Any CPU.Build.0 = Debug|Any CPU
		{48BC208B-59CE-4BE2-BA3A-72AEE7F205CB}.Release|Any CPU.ActiveCfg = Release|Any CPU
		{48BC208B-59CE-4BE2-BA3A-72AEE7F205CB}.Release|Any CPU.Build.0 = Release|Any CPU
		{5139B077-EC05-4F6D-BA08-27991B4E7185}.Debug - All|Any CPU.ActiveCfg = Debug|Any CPU
		{5139B077-EC05-4F6D-BA08-27991B4E7185}.Debug - All|Any CPU.Build.0 = Debug|Any CPU
		{5139B077-EC05-4F6D-BA08-27991B4E7185}.Debug|Any CPU.ActiveCfg = Debug|Any CPU
		{5139B077-EC05-4F6D-BA08-27991B4E7185}.Release|Any CPU.ActiveCfg = Release|Any CPU
		{5139B077-EC05-4F6D-BA08-27991B4E7185}.Release|Any CPU.Build.0 = Release|Any CPU
		{4DC29536-2515-4B8D-AEB6-EC397B950881}.Debug - All|Any CPU.ActiveCfg = Debug|Any CPU
		{4DC29536-2515-4B8D-AEB6-EC397B950881}.Debug - All|Any CPU.Build.0 = Debug|Any CPU
		{4DC29536-2515-4B8D-AEB6-EC397B950881}.Debug|Any CPU.ActiveCfg = Debug|Any CPU
		{4DC29536-2515-4B8D-AEB6-EC397B950881}.Debug|Any CPU.Build.0 = Debug|Any CPU
		{4DC29536-2515-4B8D-AEB6-EC397B950881}.Release|Any CPU.ActiveCfg = Release|Any CPU
		{4DC29536-2515-4B8D-AEB6-EC397B950881}.Release|Any CPU.Build.0 = Release|Any CPU
		{FF7F1D68-352E-4FEA-A7B4-EB6C25140316}.Debug - All|Any CPU.ActiveCfg = Debug|Any CPU
		{FF7F1D68-352E-4FEA-A7B4-EB6C25140316}.Debug - All|Any CPU.Build.0 = Debug|Any CPU
		{FF7F1D68-352E-4FEA-A7B4-EB6C25140316}.Debug|Any CPU.ActiveCfg = Debug|Any CPU
		{FF7F1D68-352E-4FEA-A7B4-EB6C25140316}.Debug|Any CPU.Build.0 = Debug|Any CPU
		{FF7F1D68-352E-4FEA-A7B4-EB6C25140316}.Release|Any CPU.ActiveCfg = Release|Any CPU
		{FF7F1D68-352E-4FEA-A7B4-EB6C25140316}.Release|Any CPU.Build.0 = Release|Any CPU
		{37817A48-6954-4DAF-A931-C540C5687579}.Debug - All|Any CPU.ActiveCfg = Debug|Any CPU
		{37817A48-6954-4DAF-A931-C540C5687579}.Debug - All|Any CPU.Build.0 = Debug|Any CPU
		{37817A48-6954-4DAF-A931-C540C5687579}.Debug|Any CPU.ActiveCfg = Debug|Any CPU
		{37817A48-6954-4DAF-A931-C540C5687579}.Debug|Any CPU.Build.0 = Debug|Any CPU
		{37817A48-6954-4DAF-A931-C540C5687579}.Release|Any CPU.ActiveCfg = Release|Any CPU
		{37817A48-6954-4DAF-A931-C540C5687579}.Release|Any CPU.Build.0 = Release|Any CPU
		{1B1D9871-A342-4F37-A2F2-D212A6445611}.Debug - All|Any CPU.ActiveCfg = Debug|Any CPU
		{1B1D9871-A342-4F37-A2F2-D212A6445611}.Debug - All|Any CPU.Build.0 = Debug|Any CPU
		{1B1D9871-A342-4F37-A2F2-D212A6445611}.Debug|Any CPU.ActiveCfg = Debug|Any CPU
		{1B1D9871-A342-4F37-A2F2-D212A6445611}.Debug|Any CPU.Build.0 = Debug|Any CPU
		{1B1D9871-A342-4F37-A2F2-D212A6445611}.Release|Any CPU.ActiveCfg = Release|Any CPU
		{1B1D9871-A342-4F37-A2F2-D212A6445611}.Release|Any CPU.Build.0 = Release|Any CPU
		{F0DF11A5-78FC-4A74-8BF5-0CA619BAE3E9}.Debug - All|Any CPU.ActiveCfg = Debug|Any CPU
		{F0DF11A5-78FC-4A74-8BF5-0CA619BAE3E9}.Debug - All|Any CPU.Build.0 = Debug|Any CPU
		{F0DF11A5-78FC-4A74-8BF5-0CA619BAE3E9}.Debug|Any CPU.ActiveCfg = Debug|Any CPU
		{F0DF11A5-78FC-4A74-8BF5-0CA619BAE3E9}.Debug|Any CPU.Build.0 = Debug|Any CPU
		{F0DF11A5-78FC-4A74-8BF5-0CA619BAE3E9}.Release|Any CPU.ActiveCfg = Release|Any CPU
		{F0DF11A5-78FC-4A74-8BF5-0CA619BAE3E9}.Release|Any CPU.Build.0 = Release|Any CPU
		{C439145F-28BF-4451-98CD-7FC404681426}.Debug - All|Any CPU.ActiveCfg = Debug|Any CPU
		{C439145F-28BF-4451-98CD-7FC404681426}.Debug - All|Any CPU.Build.0 = Debug|Any CPU
		{C439145F-28BF-4451-98CD-7FC404681426}.Debug|Any CPU.ActiveCfg = Debug|Any CPU
		{C439145F-28BF-4451-98CD-7FC404681426}.Debug|Any CPU.Build.0 = Debug|Any CPU
		{C439145F-28BF-4451-98CD-7FC404681426}.Release|Any CPU.ActiveCfg = Release|Any CPU
		{C439145F-28BF-4451-98CD-7FC404681426}.Release|Any CPU.Build.0 = Release|Any CPU
	EndGlobalSection
	GlobalSection(SolutionProperties) = preSolution
		HideSolutionNode = FALSE
	EndGlobalSection
	GlobalSection(ExtensibilityGlobals) = postSolution
		SolutionGuid = {8F3ACFB8-CB52-4953-A1CF-4151E2789889}
	EndGlobalSection
EndGlobal
