
Microsoft Visual Studio Solution File, Format Version 12.00
# Visual Studio Version 16
VisualStudioVersion = 16.0.28917.181
MinimumVisualStudioVersion = 10.0.40219.1
Project("{9A19103F-16F7-4668-BE54-9A1E7A4F7556}") = "DasBlog.Web", "DasBlog.Web.UI\DasBlog.Web.csproj", "{37817A48-6954-4DAF-A931-C540C5687579}"
EndProject
Project("{9A19103F-16F7-4668-BE54-9A1E7A4F7556}") = "DasBlog.Managers", "DasBlog.Web.Repositories\DasBlog.Managers.csproj", "{1B1D9871-A342-4F37-A2F2-D212A6445611}"
EndProject
Project("{9A19103F-16F7-4668-BE54-9A1E7A4F7556}") = "DasBlog.Core", "DasBlog.Web.Core\DasBlog.Core.csproj", "{F0DF11A5-78FC-4A74-8BF5-0CA619BAE3E9}"
EndProject
Project("{2150E333-8FDC-42A3-9474-1A3956D46DE8}") = "Solution Items", "Solution Items", "{800E3AC8-FF13-43CE-8C09-6F4A2867D445}"
	ProjectSection(SolutionItems) = preProject
		.editorconfig = .editorconfig
		ContributorFAQ.md = ContributorFAQ.md
		CrossPlatform.md = CrossPlatform.md
	EndProjectSection
EndProject
Project("{2150E333-8FDC-42A3-9474-1A3956D46DE8}") = "Dasblog.Tests", "Dasblog.Tests", "{F0F076E7-9863-46B7-8C3C-5C220D4BC118}"
EndProject
Project("{9A19103F-16F7-4668-BE54-9A1E7A4F7556}") = "DasBlog.Tests.UnitTests", "DasBlog.Tests\UnitTests\DasBlog.Tests.UnitTests.csproj", "{3EA4B6D5-6AC0-4235-AAD3-27FFBD158FC6}"
EndProject
Project("{9A19103F-16F7-4668-BE54-9A1E7A4F7556}") = "newtelligence.DasBlog.Runtime", "newtelligence.DasBlog.Runtime\newtelligence.DasBlog.Runtime.csproj", "{B09225DE-330C-43F9-AAD0-3B25909EA5A2}"
EndProject
Project("{9A19103F-16F7-4668-BE54-9A1E7A4F7556}") = "DasBlog.Services", "DasBlog.Services\DasBlog.Services.csproj", "{41AED43B-5E87-45BD-B2DC-253167A70A9E}"
EndProject
Project("{9A19103F-16F7-4668-BE54-9A1E7A4F7556}") = "DasBlog.Test.Integration", "DasBlog.Tests\DasBlog.Test.Integration\DasBlog.Test.Integration.csproj", "{48500D1A-9780-412B-81C1-9DD810FECCAE}"
EndProject
Project("{9A19103F-16F7-4668-BE54-9A1E7A4F7556}") = "DasBlog.CLI", "DasBlog.CLI\DasBlog.CLI.csproj", "{3DEF6C9E-293A-4E41-9CEC-3466E3EEC754}"
EndProject
Global
	GlobalSection(SolutionConfigurationPlatforms) = preSolution
		Debug - All|Any CPU = Debug - All|Any CPU
		Debug|Any CPU = Debug|Any CPU
		Release|Any CPU = Release|Any CPU
	EndGlobalSection
	GlobalSection(ProjectConfigurationPlatforms) = postSolution
		{37817A48-6954-4DAF-A931-C540C5687579}.Debug - All|Any CPU.ActiveCfg = Debug|Any CPU
		{37817A48-6954-4DAF-A931-C540C5687579}.Debug - All|Any CPU.Build.0 = Debug|Any CPU
		{37817A48-6954-4DAF-A931-C540C5687579}.Debug|Any CPU.ActiveCfg = Debug|Any CPU
		{37817A48-6954-4DAF-A931-C540C5687579}.Debug|Any CPU.Build.0 = Debug|Any CPU
		{37817A48-6954-4DAF-A931-C540C5687579}.Release|Any CPU.ActiveCfg = Release|Any CPU
		{37817A48-6954-4DAF-A931-C540C5687579}.Release|Any CPU.Build.0 = Release|Any CPU
		{1B1D9871-A342-4F37-A2F2-D212A6445611}.Debug - All|Any CPU.ActiveCfg = Debug|Any CPU
		{1B1D9871-A342-4F37-A2F2-D212A6445611}.Debug - All|Any CPU.Build.0 = Debug|Any CPU
		{1B1D9871-A342-4F37-A2F2-D212A6445611}.Debug|Any CPU.ActiveCfg = Debug|Any CPU
		{1B1D9871-A342-4F37-A2F2-D212A6445611}.Debug|Any CPU.Build.0 = Debug|Any CPU
		{1B1D9871-A342-4F37-A2F2-D212A6445611}.Release|Any CPU.ActiveCfg = Release|Any CPU
		{1B1D9871-A342-4F37-A2F2-D212A6445611}.Release|Any CPU.Build.0 = Release|Any CPU
		{F0DF11A5-78FC-4A74-8BF5-0CA619BAE3E9}.Debug - All|Any CPU.ActiveCfg = Debug|Any CPU
		{F0DF11A5-78FC-4A74-8BF5-0CA619BAE3E9}.Debug - All|Any CPU.Build.0 = Debug|Any CPU
		{F0DF11A5-78FC-4A74-8BF5-0CA619BAE3E9}.Debug|Any CPU.ActiveCfg = Debug|Any CPU
		{F0DF11A5-78FC-4A74-8BF5-0CA619BAE3E9}.Debug|Any CPU.Build.0 = Debug|Any CPU
		{F0DF11A5-78FC-4A74-8BF5-0CA619BAE3E9}.Release|Any CPU.ActiveCfg = Release|Any CPU
		{F0DF11A5-78FC-4A74-8BF5-0CA619BAE3E9}.Release|Any CPU.Build.0 = Release|Any CPU
		{3EA4B6D5-6AC0-4235-AAD3-27FFBD158FC6}.Debug - All|Any CPU.ActiveCfg = Debug|Any CPU
		{3EA4B6D5-6AC0-4235-AAD3-27FFBD158FC6}.Debug - All|Any CPU.Build.0 = Debug|Any CPU
		{3EA4B6D5-6AC0-4235-AAD3-27FFBD158FC6}.Debug|Any CPU.ActiveCfg = Debug|Any CPU
		{3EA4B6D5-6AC0-4235-AAD3-27FFBD158FC6}.Debug|Any CPU.Build.0 = Debug|Any CPU
		{3EA4B6D5-6AC0-4235-AAD3-27FFBD158FC6}.Release|Any CPU.ActiveCfg = Release|Any CPU
		{3EA4B6D5-6AC0-4235-AAD3-27FFBD158FC6}.Release|Any CPU.Build.0 = Release|Any CPU
		{B09225DE-330C-43F9-AAD0-3B25909EA5A2}.Debug - All|Any CPU.ActiveCfg = Debug|Any CPU
		{B09225DE-330C-43F9-AAD0-3B25909EA5A2}.Debug - All|Any CPU.Build.0 = Debug|Any CPU
		{B09225DE-330C-43F9-AAD0-3B25909EA5A2}.Debug|Any CPU.ActiveCfg = Debug|Any CPU
		{B09225DE-330C-43F9-AAD0-3B25909EA5A2}.Debug|Any CPU.Build.0 = Debug|Any CPU
		{B09225DE-330C-43F9-AAD0-3B25909EA5A2}.Release|Any CPU.ActiveCfg = Release|Any CPU
		{B09225DE-330C-43F9-AAD0-3B25909EA5A2}.Release|Any CPU.Build.0 = Release|Any CPU
		{41AED43B-5E87-45BD-B2DC-253167A70A9E}.Debug - All|Any CPU.ActiveCfg = Debug|Any CPU
		{41AED43B-5E87-45BD-B2DC-253167A70A9E}.Debug - All|Any CPU.Build.0 = Debug|Any CPU
		{41AED43B-5E87-45BD-B2DC-253167A70A9E}.Debug|Any CPU.ActiveCfg = Debug|Any CPU
		{41AED43B-5E87-45BD-B2DC-253167A70A9E}.Debug|Any CPU.Build.0 = Debug|Any CPU
		{41AED43B-5E87-45BD-B2DC-253167A70A9E}.Release|Any CPU.ActiveCfg = Release|Any CPU
		{41AED43B-5E87-45BD-B2DC-253167A70A9E}.Release|Any CPU.Build.0 = Release|Any CPU
		{48500D1A-9780-412B-81C1-9DD810FECCAE}.Debug - All|Any CPU.ActiveCfg = Debug|Any CPU
		{48500D1A-9780-412B-81C1-9DD810FECCAE}.Debug - All|Any CPU.Build.0 = Debug|Any CPU
		{48500D1A-9780-412B-81C1-9DD810FECCAE}.Debug|Any CPU.ActiveCfg = Debug|Any CPU
		{48500D1A-9780-412B-81C1-9DD810FECCAE}.Debug|Any CPU.Build.0 = Debug|Any CPU
		{48500D1A-9780-412B-81C1-9DD810FECCAE}.Release|Any CPU.ActiveCfg = Release|Any CPU
		{48500D1A-9780-412B-81C1-9DD810FECCAE}.Release|Any CPU.Build.0 = Release|Any CPU
		{3DEF6C9E-293A-4E41-9CEC-3466E3EEC754}.Debug - All|Any CPU.ActiveCfg = Debug|Any CPU
		{3DEF6C9E-293A-4E41-9CEC-3466E3EEC754}.Debug - All|Any CPU.Build.0 = Debug|Any CPU
		{3DEF6C9E-293A-4E41-9CEC-3466E3EEC754}.Debug|Any CPU.ActiveCfg = Debug|Any CPU
		{3DEF6C9E-293A-4E41-9CEC-3466E3EEC754}.Debug|Any CPU.Build.0 = Debug|Any CPU
		{3DEF6C9E-293A-4E41-9CEC-3466E3EEC754}.Release|Any CPU.ActiveCfg = Release|Any CPU
		{3DEF6C9E-293A-4E41-9CEC-3466E3EEC754}.Release|Any CPU.Build.0 = Release|Any CPU
	EndGlobalSection
	GlobalSection(SolutionProperties) = preSolution
		HideSolutionNode = FALSE
	EndGlobalSection
	GlobalSection(NestedProjects) = preSolution
		{3EA4B6D5-6AC0-4235-AAD3-27FFBD158FC6} = {F0F076E7-9863-46B7-8C3C-5C220D4BC118}
		{48500D1A-9780-412B-81C1-9DD810FECCAE} = {F0F076E7-9863-46B7-8C3C-5C220D4BC118}
	EndGlobalSection
	GlobalSection(ExtensibilityGlobals) = postSolution
		SolutionGuid = {8F3ACFB8-CB52-4953-A1CF-4151E2789889}
	EndGlobalSection
EndGlobal
